<Solution>
  <Folder Name="/.github/" />
  <Folder Name="/.github/workflows/">
    <File Path=".github/workflows/build.yaml" />
    <File Path=".github/workflows/publish-dockerhub.yaml" />
  </Folder>
  <Folder Name="/files/">
    <File Path="version.json" />
  </Folder>
  <Folder Name="/aspire/">
    <Project Path="aspire/Keylet.AppHost/Keylet.AppHost.csproj" />
  </Folder>
  <Folder Name="/src/">
    <Project Path="src/Keylet/Keylet.csproj" />
    <Project Path="src/Keylet.Hosting.Aspire/Keylet.Hosting.Aspire.csproj" />
    <Project Path="src/Keylet.ServiceDefaults/Keylet.ServiceDefaults.csproj" />
    <Project Path="src/Keylet.TestClient/Keylet.TestClient.csproj" />
  </Folder>
  <Folder Name="/tests/">
    <Project Path="tests/Keylet.Tests/Keylet.Tests.csproj" />
  </Folder>
</Solution>
